
Microsoft Visual Studio Solution File, Format Version 12.00
# Visual Studio Version 16
VisualStudioVersion = 16.0.30804.86
MinimumVisualStudioVersion = 10.0.40219.1
Project("{FAE04EC0-301F-11D3-BF4B-00C04F79EFBC}") = "ASCII", "ASCII\ASCII.csproj", "{B78BB62D-CAFB-4A39-8CF2-939E72A2612F}"
EndProject
Global
	GlobalSection(SolutionConfigurationPlatforms) = preSolution
		Debug|Any CPU = Debug|Any CPU
		Release|Any CPU = Release|Any CPU
	EndGlobalSection
	GlobalSection(ProjectConfigurationPlatforms) = postSolution
		{B78BB62D-CAFB-4A39-8CF2-939E72A2612F}.Debug|Any CPU.ActiveCfg = Debug|Any CPU
		{B78BB62D-CAFB-4A39-8CF2-939E72A2612F}.Debug|Any CPU.Build.0 = Debug|Any CPU
		{B78BB62D-CAFB-4A39-8CF2-939E72A2612F}.Release|Any CPU.ActiveCfg = Release|Any CPU
		{B78BB62D-CAFB-4A39-8CF2-939E72A2612F}.Release|Any CPU.Build.0 = Release|Any CPU
	EndGlobalSection
	GlobalSection(SolutionProperties) = preSolution
		HideSolutionNode = FALSE
	EndGlobalSection
	GlobalSection(ExtensibilityGlobals) = postSolution
		SolutionGuid = {CF805AC5-BF13-40AF-BDE7-F6F84CBCD3E8}
	EndGlobalSection
EndGlobal
